
Microsoft Visual Studio Solution File, Format Version 12.00
# Visual Studio Version 17
VisualStudioVersion = 17.2.32630.192
MinimumVisualStudioVersion = 10.0.40219.1
Project("{9A19103F-16F7-4668-BE54-9A1E7A4F7556}") = "Domain", "Domain\Domain.csproj", "{4C614607-3E9E-49B1-B46C-6F10CA0EA1DD}"
EndProject
Project("{9A19103F-16F7-4668-BE54-9A1E7A4F7556}") = "Application", "Application\Application.csproj", "{F1F44E8D-239F-48A0-BAA9-073757BB7998}"
EndProject
Project("{9A19103F-16F7-4668-BE54-9A1E7A4F7556}") = "Infrastructure", "Infrastructure\Infrastructure.csproj", "{25477486-B542-43FB-9D02-7E4C7B0069E6}"
EndProject
Project("{9A19103F-16F7-4668-BE54-9A1E7A4F7556}") = "ConsolePresentation", "ConsolePresentation\ConsolePresentation.csproj", "{690619CD-E9CB-49D0-A656-C320BBE03588}"
EndProject
Project("{FAE04EC0-301F-11D3-BF4B-00C04F79EFBC}") = "TestProject1", "TestProject1\TestProject1.csproj", "{5EAE9824-B039-44B8-9AD8-E6FD9207D7F5}"
EndProject
Global
	GlobalSection(SolutionConfigurationPlatforms) = preSolution
		Debug|Any CPU = Debug|Any CPU
		Release|Any CPU = Release|Any CPU
	EndGlobalSection
	GlobalSection(ProjectConfigurationPlatforms) = postSolution
		{4C614607-3E9E-49B1-B46C-6F10CA0EA1DD}.Debug|Any CPU.ActiveCfg = Debug|Any CPU
		{4C614607-3E9E-49B1-B46C-6F10CA0EA1DD}.Debug|Any CPU.Build.0 = Debug|Any CPU
		{4C614607-3E9E-49B1-B46C-6F10CA0EA1DD}.Release|Any CPU.ActiveCfg = Release|Any CPU
		{4C614607-3E9E-49B1-B46C-6F10CA0EA1DD}.Release|Any CPU.Build.0 = Release|Any CPU
		{F1F44E8D-239F-48A0-BAA9-073757BB7998}.Debug|Any CPU.ActiveCfg = Debug|Any CPU
		{F1F44E8D-239F-48A0-BAA9-073757BB7998}.Debug|Any CPU.Build.0 = Debug|Any CPU
		{F1F44E8D-239F-48A0-BAA9-073757BB7998}.Release|Any CPU.ActiveCfg = Release|Any CPU
		{F1F44E8D-239F-48A0-BAA9-073757BB7998}.Release|Any CPU.Build.0 = Release|Any CPU
		{25477486-B542-43FB-9D02-7E4C7B0069E6}.Debug|Any CPU.ActiveCfg = Debug|Any CPU
		{25477486-B542-43FB-9D02-7E4C7B0069E6}.Debug|Any CPU.Build.0 = Debug|Any CPU
		{25477486-B542-43FB-9D02-7E4C7B0069E6}.Release|Any CPU.ActiveCfg = Release|Any CPU
		{25477486-B542-43FB-9D02-7E4C7B0069E6}.Release|Any CPU.Build.0 = Release|Any CPU
		{690619CD-E9CB-49D0-A656-C320BBE03588}.Debug|Any CPU.ActiveCfg = Debug|Any CPU
		{690619CD-E9CB-49D0-A656-C320BBE03588}.Debug|Any CPU.Build.0 = Debug|Any CPU
		{690619CD-E9CB-49D0-A656-C320BBE03588}.Release|Any CPU.ActiveCfg = Release|Any CPU
		{690619CD-E9CB-49D0-A656-C320BBE03588}.Release|Any CPU.Build.0 = Release|Any CPU
		{5EAE9824-B039-44B8-9AD8-E6FD9207D7F5}.Debug|Any CPU.ActiveCfg = Debug|Any CPU
		{5EAE9824-B039-44B8-9AD8-E6FD9207D7F5}.Debug|Any CPU.Build.0 = Debug|Any CPU
		{5EAE9824-B039-44B8-9AD8-E6FD9207D7F5}.Release|Any CPU.ActiveCfg = Release|Any CPU
		{5EAE9824-B039-44B8-9AD8-E6FD9207D7F5}.Release|Any CPU.Build.0 = Release|Any CPU
	EndGlobalSection
	GlobalSection(SolutionProperties) = preSolution
		HideSolutionNode = FALSE
	EndGlobalSection
	GlobalSection(ExtensibilityGlobals) = postSolution
		SolutionGuid = {9217430B-F90E-4971-B308-2CA5204DA673}
	EndGlobalSection
EndGlobal
